
Microsoft Visual Studio Solution File, Format Version 12.00
# Visual Studio Version 16
VisualStudioVersion = 16.0.29709.97
MinimumVisualStudioVersion = 10.0.40219.1
Project("{8BC9CEB8-8B4A-11D0-8D11-00A0C91BC942}") = "TopologicalSort", "TopologicalSort\TopologicalSort.vcxproj", "{418F1A6B-2D32-4E7D-B56E-7F73D0CE5461}"
EndProject
Global
	GlobalSection(SolutionConfigurationPlatforms) = preSolution
		Debug|x64 = Debug|x64
		Debug|x86 = Debug|x86
		Release|x64 = Release|x64
		Release|x86 = Release|x86
	EndGlobalSection
	GlobalSection(ProjectConfigurationPlatforms) = postSolution
		{418F1A6B-2D32-4E7D-B56E-7F73D0CE5461}.Debug|x64.ActiveCfg = Debug|x64
		{418F1A6B-2D32-4E7D-B56E-7F73D0CE5461}.Debug|x64.Build.0 = Debug|x64
		{418F1A6B-2D32-4E7D-B56E-7F73D0CE5461}.Debug|x86.ActiveCfg = Debug|Win32
		{418F1A6B-2D32-4E7D-B56E-7F73D0CE5461}.Debug|x86.Build.0 = Debug|Win32
		{418F1A6B-2D32-4E7D-B56E-7F73D0CE5461}.Release|x64.ActiveCfg = Release|x64
		{418F1A6B-2D32-4E7D-B56E-7F73D0CE5461}.Release|x64.Build.0 = Release|x64
		{418F1A6B-2D32-4E7D-B56E-7F73D0CE5461}.Release|x86.ActiveCfg = Release|Win32
		{418F1A6B-2D32-4E7D-B56E-7F73D0CE5461}.Release|x86.Build.0 = Release|Win32
	EndGlobalSection
	GlobalSection(SolutionProperties) = preSolution
		HideSolutionNode = FALSE
	EndGlobalSection
	GlobalSection(ExtensibilityGlobals) = postSolution
		SolutionGuid = {CB9C76E2-FD97-49A9-ABA0-7079931A1AFE}
	EndGlobalSection
EndGlobal
