
Microsoft Visual Studio Solution File, Format Version 12.00
# Visual Studio Version 16
VisualStudioVersion = 16.0.29709.97
MinimumVisualStudioVersion = 10.0.40219.1
Project("{8BC9CEB8-8B4A-11D0-8D11-00A0C91BC942}") = "SimpleHashTable", "SimpleHashTable\SimpleHashTable.vcxproj", "{48E81552-92EE-4A83-AABF-CE91FEA961D7}"
EndProject
Global
	GlobalSection(SolutionConfigurationPlatforms) = preSolution
		Debug|x64 = Debug|x64
		Debug|x86 = Debug|x86
		Release|x64 = Release|x64
		Release|x86 = Release|x86
	EndGlobalSection
	GlobalSection(ProjectConfigurationPlatforms) = postSolution
		{48E81552-92EE-4A83-AABF-CE91FEA961D7}.Debug|x64.ActiveCfg = Debug|x64
		{48E81552-92EE-4A83-AABF-CE91FEA961D7}.Debug|x64.Build.0 = Debug|x64
		{48E81552-92EE-4A83-AABF-CE91FEA961D7}.Debug|x86.ActiveCfg = Debug|Win32
		{48E81552-92EE-4A83-AABF-CE91FEA961D7}.Debug|x86.Build.0 = Debug|Win32
		{48E81552-92EE-4A83-AABF-CE91FEA961D7}.Release|x64.ActiveCfg = Release|x64
		{48E81552-92EE-4A83-AABF-CE91FEA961D7}.Release|x64.Build.0 = Release|x64
		{48E81552-92EE-4A83-AABF-CE91FEA961D7}.Release|x86.ActiveCfg = Release|Win32
		{48E81552-92EE-4A83-AABF-CE91FEA961D7}.Release|x86.Build.0 = Release|Win32
	EndGlobalSection
	GlobalSection(SolutionProperties) = preSolution
		HideSolutionNode = FALSE
	EndGlobalSection
	GlobalSection(ExtensibilityGlobals) = postSolution
		SolutionGuid = {8F13AF00-6222-49B2-B566-932ECF0597DD}
	EndGlobalSection
EndGlobal
