
Microsoft Visual Studio Solution File, Format Version 12.00
# Visual Studio Version 16
VisualStudioVersion = 16.0.29709.97
MinimumVisualStudioVersion = 10.0.40219.1
Project("{8BC9CEB8-8B4A-11D0-8D11-00A0C91BC942}") = "DoublyLinkedList", "DoublyLinkedList\DoublyLinkedList.vcxproj", "{C6341373-5A62-4860-89F1-343EFC5A665B}"
EndProject
Global
	GlobalSection(SolutionConfigurationPlatforms) = preSolution
		Debug|x64 = Debug|x64
		Debug|x86 = Debug|x86
		Release|x64 = Release|x64
		Release|x86 = Release|x86
	EndGlobalSection
	GlobalSection(ProjectConfigurationPlatforms) = postSolution
		{C6341373-5A62-4860-89F1-343EFC5A665B}.Debug|x64.ActiveCfg = Debug|x64
		{C6341373-5A62-4860-89F1-343EFC5A665B}.Debug|x64.Build.0 = Debug|x64
		{C6341373-5A62-4860-89F1-343EFC5A665B}.Debug|x86.ActiveCfg = Debug|Win32
		{C6341373-5A62-4860-89F1-343EFC5A665B}.Debug|x86.Build.0 = Debug|Win32
		{C6341373-5A62-4860-89F1-343EFC5A665B}.Release|x64.ActiveCfg = Release|x64
		{C6341373-5A62-4860-89F1-343EFC5A665B}.Release|x64.Build.0 = Release|x64
		{C6341373-5A62-4860-89F1-343EFC5A665B}.Release|x86.ActiveCfg = Release|Win32
		{C6341373-5A62-4860-89F1-343EFC5A665B}.Release|x86.Build.0 = Release|Win32
	EndGlobalSection
	GlobalSection(SolutionProperties) = preSolution
		HideSolutionNode = FALSE
	EndGlobalSection
	GlobalSection(ExtensibilityGlobals) = postSolution
		SolutionGuid = {8F35212C-4829-451C-8E54-B92AAF18827C}
	EndGlobalSection
EndGlobal
